{
    "requires": true,
    "lockfileVersion": 1,
    "dependencies": {
        "google-translate-api-browser": {
            "version": "3.0.1",
            "resolved": "https://registry.npmjs.org/google-translate-api-browser/-/google-translate-api-browser-3.0.1.tgz",
            "integrity": "sha512-KTLodkyGBWMK9IW6QIeJ2zCuju4Z0CLpbkADKo+yLhbSTD4l+CXXpQ/xaynGVAzeBezzJG6qn8MLeqOq3SmW0A=="
        }
    }
}
